// !$*UTF8*$!
{
	archiveVersion = 1;
	classes = {
	};
	objectVersion = 51;
	objects = {

/* Begin PBXBuildFile section */
		5802440025570C76000DD86B /* UIView+Ext.swift in Sources */ = {isa = PBXBuildFile; fileRef = 580243FF25570C76000DD86B /* UIView+Ext.swift */; };
		586E4293255CA4AB00157562 /* DropDown.swift in Sources */ = {isa = PBXBuildFile; fileRef = 586E4292255CA4AB00157562 /* DropDown.swift */; };
		58C13F3125565C0D008EA3AA /* blank-us-map.svg in Resources */ = {isa = PBXBuildFile; fileRef = 58C13F3025565C0D008EA3AA /* blank-us-map.svg */; };
		58DA970A2556855C0021253E /* Constants.swift in Sources */ = {isa = PBXBuildFile; fileRef = 58DA97092556855C0021253E /* Constants.swift */; };
		58F279B8255656DB0030911C /* AppDelegate.swift in Sources */ = {isa = PBXBuildFile; fileRef = 58F279B7255656DB0030911C /* AppDelegate.swift */; };
		58F279BA255656DB0030911C /* SceneDelegate.swift in Sources */ = {isa = PBXBuildFile; fileRef = 58F279B9255656DB0030911C /* SceneDelegate.swift */; };
		58F279BC255656DB0030911C /* ViewController.swift in Sources */ = {isa = PBXBuildFile; fileRef = 58F279BB255656DB0030911C /* ViewController.swift */; };
		58F279BF255656DB0030911C /* Main.storyboard in Resources */ = {isa = PBXBuildFile; fileRef = 58F279BD255656DB0030911C /* Main.storyboard */; };
		58F279C1255656DC0030911C /* Assets.xcassets in Resources */ = {isa = PBXBuildFile; fileRef = 58F279C0255656DC0030911C /* Assets.xcassets */; };
		58F279C4255656DC0030911C /* LaunchScreen.storyboard in Resources */ = {isa = PBXBuildFile; fileRef = 58F279C2255656DC0030911C /* LaunchScreen.storyboard */; };
		B567E2351FE246EF7B9E6F2C /* Pods_WriteInTheStates.framework in Frameworks */ = {isa = PBXBuildFile; fileRef = B2776302AE753486C2F5707E /* Pods_WriteInTheStates.framework */; };
/* End PBXBuildFile section */

/* Begin PBXFileReference section */
		580243FF25570C76000DD86B /* UIView+Ext.swift */ = {isa = PBXFileReference; lastKnownFileType = sourcecode.swift; path = "UIView+Ext.swift"; sourceTree = "<group>"; };
		586E4292255CA4AB00157562 /* DropDown.swift */ = {isa = PBXFileReference; lastKnownFileType = sourcecode.swift; path = DropDown.swift; sourceTree = "<group>"; };
		58C13F3025565C0D008EA3AA /* blank-us-map.svg */ = {isa = PBXFileReference; fileEncoding = 4; lastKnownFileType = text.xml; path = "blank-us-map.svg"; sourceTree = "<group>"; };
		58DA97092556855C0021253E /* Constants.swift */ = {isa = PBXFileReference; lastKnownFileType = sourcecode.swift; path = Constants.swift; sourceTree = "<group>"; };
		58F279B4255656DB0030911C /* WriteInTheStates.app */ = {isa = PBXFileReference; explicitFileType = wrapper.application; includeInIndex = 0; path = WriteInTheStates.app; sourceTree = BUILT_PRODUCTS_DIR; };
		58F279B7255656DB0030911C /* AppDelegate.swift */ = {isa = PBXFileReference; lastKnownFileType = sourcecode.swift; path = AppDelegate.swift; sourceTree = "<group>"; };
		58F279B9255656DB0030911C /* SceneDelegate.swift */ = {isa = PBXFileReference; lastKnownFileType = sourcecode.swift; path = SceneDelegate.swift; sourceTree = "<group>"; };
		58F279BB255656DB0030911C /* ViewController.swift */ = {isa = PBXFileReference; lastKnownFileType = sourcecode.swift; path = ViewController.swift; sourceTree = "<group>"; };
		58F279BE255656DB0030911C /* Base */ = {isa = PBXFileReference; lastKnownFileType = file.storyboard; name = Base; path = Base.lproj/Main.storyboard; sourceTree = "<group>"; };
		58F279C0255656DC0030911C /* Assets.xcassets */ = {isa = PBXFileReference; lastKnownFileType = folder.assetcatalog; path = Assets.xcassets; sourceTree = "<group>"; };
		58F279C3255656DC0030911C /* Base */ = {isa = PBXFileReference; lastKnownFileType = file.storyboard; name = Base; path = Base.lproj/LaunchScreen.storyboard; sourceTree = "<group>"; };
		58F279C5255656DC0030911C /* Info.plist */ = {isa = PBXFileReference; lastKnownFileType = text.plist.xml; path = Info.plist; sourceTree = "<group>"; };
		703B1C3A04771E3EFC27F4C8 /* Pods-WriteInTheStates.release.xcconfig */ = {isa = PBXFileReference; includeInIndex = 1; lastKnownFileType = text.xcconfig; name = "Pods-WriteInTheStates.release.xcconfig"; path = "Target Support Files/Pods-WriteInTheStates/Pods-WriteInTheStates.release.xcconfig"; sourceTree = "<group>"; };
		B2776302AE753486C2F5707E /* Pods_WriteInTheStates.framework */ = {isa = PBXFileReference; explicitFileType = wrapper.framework; includeInIndex = 0; path = Pods_WriteInTheStates.framework; sourceTree = BUILT_PRODUCTS_DIR; };
		B55DDBF62266749F387A872B /* Pods-WriteInTheStates.debug.xcconfig */ = {isa = PBXFileReference; includeInIndex = 1; lastKnownFileType = text.xcconfig; name = "Pods-WriteInTheStates.debug.xcconfig"; path = "Target Support Files/Pods-WriteInTheStates/Pods-WriteInTheStates.debug.xcconfig"; sourceTree = "<group>"; };
/* End PBXFileReference section */

/* Begin PBXFrameworksBuildPhase section */
		58F279B1255656DB0030911C /* Frameworks */ = {
			isa = PBXFrameworksBuildPhase;
			buildActionMask = 2147483647;
			files = (
				B567E2351FE246EF7B9E6F2C /* Pods_WriteInTheStates.framework in Frameworks */,
			);
			runOnlyForDeploymentPostprocessing = 0;
		};
/* End PBXFrameworksBuildPhase section */

/* Begin PBXGroup section */
		58F279AB255656DB0030911C = {
			isa = PBXGroup;
			children = (
				58F279B6255656DB0030911C /* WriteInTheStates */,
				58F279B5255656DB0030911C /* Products */,
				F909D97A34619F359AFEBB57 /* Pods */,
				592B9B1B3F75DBA817C902DF /* Frameworks */,
			);
			sourceTree = "<group>";
		};
		58F279B5255656DB0030911C /* Products */ = {
			isa = PBXGroup;
			children = (
				58F279B4255656DB0030911C /* WriteInTheStates.app */,
			);
			name = Products;
			sourceTree = "<group>";
		};
		58F279B6255656DB0030911C /* WriteInTheStates */ = {
			isa = PBXGroup;
			children = (
				580243FF25570C76000DD86B /* UIView+Ext.swift */,
				58C13F3025565C0D008EA3AA /* blank-us-map.svg */,
				58F279B7255656DB0030911C /* AppDelegate.swift */,
				58F279B9255656DB0030911C /* SceneDelegate.swift */,
				58F279BB255656DB0030911C /* ViewController.swift */,
				58F279BD255656DB0030911C /* Main.storyboard */,
				58F279C0255656DC0030911C /* Assets.xcassets */,
				58F279C2255656DC0030911C /* LaunchScreen.storyboard */,
				58F279C5255656DC0030911C /* Info.plist */,
				58DA97092556855C0021253E /* Constants.swift */,
				586E4292255CA4AB00157562 /* DropDown.swift */,
			);
			path = WriteInTheStates;
			sourceTree = "<group>";
		};
		592B9B1B3F75DBA817C902DF /* Frameworks */ = {
			isa = PBXGroup;
			children = (
				B2776302AE753486C2F5707E /* Pods_WriteInTheStates.framework */,
			);
			name = Frameworks;
			sourceTree = "<group>";
		};
		F909D97A34619F359AFEBB57 /* Pods */ = {
			isa = PBXGroup;
			children = (
				B55DDBF62266749F387A872B /* Pods-WriteInTheStates.debug.xcconfig */,
				703B1C3A04771E3EFC27F4C8 /* Pods-WriteInTheStates.release.xcconfig */,
			);
			path = Pods;
			sourceTree = "<group>";
		};
/* End PBXGroup section */

/* Begin PBXNativeTarget section */
		58F279B3255656DB0030911C /* WriteInTheStates */ = {
			isa = PBXNativeTarget;
			buildConfigurationList = 58F279C8255656DC0030911C /* Build configuration list for PBXNativeTarget "WriteInTheStates" */;
			buildPhases = (
				874CF9C5AC560EAA9FE9402C /* [CP] Check Pods Manifest.lock */,
				58F279B0255656DB0030911C /* Sources */,
				58F279B1255656DB0030911C /* Frameworks */,
				58F279B2255656DB0030911C /* Resources */,
				5C06BC77781250B4B88B3354 /* [CP] Embed Pods Frameworks */,
			);
			buildRules = (
			);
			dependencies = (
			);
			name = WriteInTheStates;
			productName = WriteInTheStates;
			productReference = 58F279B4255656DB0030911C /* WriteInTheStates.app */;
			productType = "com.apple.product-type.application";
		};
/* End PBXNativeTarget section */

/* Begin PBXProject section */
		58F279AC255656DB0030911C /* Project object */ = {
			isa = PBXProject;
			attributes = {
				LastSwiftUpdateCheck = 1200;
				LastUpgradeCheck = 1200;
				TargetAttributes = {
					58F279B3255656DB0030911C = {
						CreatedOnToolsVersion = 12.0;
					};
				};
			};
			buildConfigurationList = 58F279AF255656DB0030911C /* Build configuration list for PBXProject "WriteInTheStates" */;
			compatibilityVersion = "Xcode 9.3";
			developmentRegion = en;
			hasScannedForEncodings = 0;
			knownRegions = (
				en,
				Base,
			);
			mainGroup = 58F279AB255656DB0030911C;
			productRefGroup = 58F279B5255656DB0030911C /* Products */;
			projectDirPath = "";
			projectRoot = "";
			targets = (
				58F279B3255656DB0030911C /* WriteInTheStates */,
			);
		};
/* End PBXProject section */

/* Begin PBXResourcesBuildPhase section */
		58F279B2255656DB0030911C /* Resources */ = {
			isa = PBXResourcesBuildPhase;
			buildActionMask = 2147483647;
			files = (
				58F279C4255656DC0030911C /* LaunchScreen.storyboard in Resources */,
				58F279C1255656DC0030911C /* Assets.xcassets in Resources */,
				58C13F3125565C0D008EA3AA /* blank-us-map.svg in Resources */,
				58F279BF255656DB0030911C /* Main.storyboard in Resources */,
			);
			runOnlyForDeploymentPostprocessing = 0;
		};
/* End PBXResourcesBuildPhase section */

/* Begin PBXShellScriptBuildPhase section */
		5C06BC77781250B4B88B3354 /* [CP] Embed Pods Frameworks */ = {
			isa = PBXShellScriptBuildPhase;
			buildActionMask = 2147483647;
			files = (
			);
			inputFileListPaths = (
				"${PODS_ROOT}/Target Support Files/Pods-WriteInTheStates/Pods-WriteInTheStates-frameworks-${CONFIGURATION}-input-files.xcfilelist",
			);
			name = "[CP] Embed Pods Frameworks";
			outputFileListPaths = (
				"${PODS_ROOT}/Target Support Files/Pods-WriteInTheStates/Pods-WriteInTheStates-frameworks-${CONFIGURATION}-output-files.xcfilelist",
			);
			runOnlyForDeploymentPostprocessing = 0;
			shellPath = /bin/sh;
			shellScript = "\"${PODS_ROOT}/Target Support Files/Pods-WriteInTheStates/Pods-WriteInTheStates-frameworks.sh\"\n";
			showEnvVarsInLog = 0;
		};
		874CF9C5AC560EAA9FE9402C /* [CP] Check Pods Manifest.lock */ = {
			isa = PBXShellScriptBuildPhase;
			buildActionMask = 2147483647;
			files = (
			);
			inputFileListPaths = (
			);
			inputPaths = (
				"${PODS_PODFILE_DIR_PATH}/Podfile.lock",
				"${PODS_ROOT}/Manifest.lock",
			);
			name = "[CP] Check Pods Manifest.lock";
			outputFileListPaths = (
			);
			outputPaths = (
				"$(DERIVED_FILE_DIR)/Pods-WriteInTheStates-checkManifestLockResult.txt",
			);
			runOnlyForDeploymentPostprocessing = 0;
			shellPath = /bin/sh;
			shellScript = "diff \"${PODS_PODFILE_DIR_PATH}/Podfile.lock\" \"${PODS_ROOT}/Manifest.lock\" > /dev/null\nif [ $? != 0 ] ; then\n    # print error to STDERR\n    echo \"error: The sandbox is not in sync with the Podfile.lock. Run 'pod install' or update your CocoaPods installation.\" >&2\n    exit 1\nfi\n# This output is used by Xcode 'outputs' to avoid re-running this script phase.\necho \"SUCCESS\" > \"${SCRIPT_OUTPUT_FILE_0}\"\n";
			showEnvVarsInLog = 0;
		};
/* End PBXShellScriptBuildPhase section */

/* Begin PBXSourcesBuildPhase section */
		58F279B0255656DB0030911C /* Sources */ = {
			isa = PBXSourcesBuildPhase;
			buildActionMask = 2147483647;
			files = (
				586E4293255CA4AB00157562 /* DropDown.swift in Sources */,
				5802440025570C76000DD86B /* UIView+Ext.swift in Sources */,
				58F279BC255656DB0030911C /* ViewController.swift in Sources */,
				58F279B8255656DB0030911C /* AppDelegate.swift in Sources */,
				58F279BA255656DB0030911C /* SceneDelegate.swift in Sources */,
				58DA970A2556855C0021253E /* Constants.swift in Sources */,
			);
			runOnlyForDeploymentPostprocessing = 0;
		};
/* End PBXSourcesBuildPhase section */

/* Begin PBXVariantGroup section */
		58F279BD255656DB0030911C /* Main.storyboard */ = {
			isa = PBXVariantGroup;
			children = (
				58F279BE255656DB0030911C /* Base */,
			);
			name = Main.storyboard;
			sourceTree = "<group>";
		};
		58F279C2255656DC0030911C /* LaunchScreen.storyboard */ = {
			isa = PBXVariantGroup;
			children = (
				58F279C3255656DC0030911C /* Base */,
			);
			name = LaunchScreen.storyboard;
			sourceTree = "<group>";
		};
/* End PBXVariantGroup section */

/* Begin XCBuildConfiguration section */
		58F279C6255656DC0030911C /* Debug */ = {
			isa = XCBuildConfiguration;
			buildSettings = {
				ALWAYS_SEARCH_USER_PATHS = NO;
				CLANG_ANALYZER_NONNULL = YES;
				CLANG_ANALYZER_NUMBER_OBJECT_CONVERSION = YES_AGGRESSIVE;
				CLANG_CXX_LANGUAGE_STANDARD = "gnu++14";
				CLANG_CXX_LIBRARY = "libc++";
				CLANG_ENABLE_MODULES = YES;
				CLANG_ENABLE_OBJC_ARC = YES;
				CLANG_ENABLE_OBJC_WEAK = YES;
				CLANG_WARN_BLOCK_CAPTURE_AUTORELEASING = YES;
				CLANG_WARN_BOOL_CONVERSION = YES;
				CLANG_WARN_COMMA = YES;
				CLANG_WARN_CONSTANT_CONVERSION = YES;
				CLANG_WARN_DEPRECATED_OBJC_IMPLEMENTATIONS = YES;
				CLANG_WARN_DIRECT_OBJC_ISA_USAGE = YES_ERROR;
				CLANG_WARN_DOCUMENTATION_COMMENTS = YES;
				CLANG_WARN_EMPTY_BODY = YES;
				CLANG_WARN_ENUM_CONVERSION = YES;
				CLANG_WARN_INFINITE_RECURSION = YES;
				CLANG_WARN_INT_CONVERSION = YES;
				CLANG_WARN_NON_LITERAL_NULL_CONVERSION = YES;
				CLANG_WARN_OBJC_IMPLICIT_RETAIN_SELF = YES;
				CLANG_WARN_OBJC_LITERAL_CONVERSION = YES;
				CLANG_WARN_OBJC_ROOT_CLASS = YES_ERROR;
				CLANG_WARN_QUOTED_INCLUDE_IN_FRAMEWORK_HEADER = YES;
				CLANG_WARN_RANGE_LOOP_ANALYSIS = YES;
				CLANG_WARN_STRICT_PROTOTYPES = YES;
				CLANG_WARN_SUSPICIOUS_MOVE = YES;
				CLANG_WARN_UNGUARDED_AVAILABILITY = YES_AGGRESSIVE;
				CLANG_WARN_UNREACHABLE_CODE = YES;
				CLANG_WARN__DUPLICATE_METHOD_MATCH = YES;
				COPY_PHASE_STRIP = NO;
				DEBUG_INFORMATION_FORMAT = dwarf;
				ENABLE_STRICT_OBJC_MSGSEND = YES;
				ENABLE_TESTABILITY = YES;
				GCC_C_LANGUAGE_STANDARD = gnu11;
				GCC_DYNAMIC_NO_PIC = NO;
				GCC_NO_COMMON_BLOCKS = YES;
				GCC_OPTIMIZATION_LEVEL = 0;
				GCC_PREPROCESSOR_DEFINITIONS = (
					"DEBUG=1",
					"$(inherited)",
				);
				GCC_WARN_64_TO_32_BIT_CONVERSION = YES;
				GCC_WARN_ABOUT_RETURN_TYPE = YES_ERROR;
				GCC_WARN_UNDECLARED_SELECTOR = YES;
				GCC_WARN_UNINITIALIZED_AUTOS = YES_AGGRESSIVE;
				GCC_WARN_UNUSED_FUNCTION = YES;
				GCC_WARN_UNUSED_VARIABLE = YES;
				IPHONEOS_DEPLOYMENT_TARGET = 14.0;
				MTL_ENABLE_DEBUG_INFO = INCLUDE_SOURCE;
				MTL_FAST_MATH = YES;
				ONLY_ACTIVE_ARCH = YES;
				SDKROOT = iphoneos;
				SWIFT_ACTIVE_COMPILATION_CONDITIONS = DEBUG;
				SWIFT_OPTIMIZATION_LEVEL = "-Onone";
			};
			name = Debug;
		};
		58F279C7255656DC0030911C /* Release */ = {
			isa = XCBuildConfiguration;
			buildSettings = {
				ALWAYS_SEARCH_USER_PATHS = NO;
				CLANG_ANALYZER_NONNULL = YES;
				CLANG_ANALYZER_NUMBER_OBJECT_CONVERSION = YES_AGGRESSIVE;
				CLANG_CXX_LANGUAGE_STANDARD = "gnu++14";
				CLANG_CXX_LIBRARY = "libc++";
				CLANG_ENABLE_MODULES = YES;
				CLANG_ENABLE_OBJC_ARC = YES;
				CLANG_ENABLE_OBJC_WEAK = YES;
				CLANG_WARN_BLOCK_CAPTURE_AUTORELEASING = YES;
				CLANG_WARN_BOOL_CONVERSION = YES;
				CLANG_WARN_COMMA = YES;
				CLANG_WARN_CONSTANT_CONVERSION = YES;
				CLANG_WARN_DEPRECATED_OBJC_IMPLEMENTATIONS = YES;
				CLANG_WARN_DIRECT_OBJC_ISA_USAGE = YES_ERROR;
				CLANG_WARN_DOCUMENTATION_COMMENTS = YES;
				CLANG_WARN_EMPTY_BODY = YES;
				CLANG_WARN_ENUM_CONVERSION = YES;
				CLANG_WARN_INFINITE_RECURSION = YES;
				CLANG_WARN_INT_CONVERSION = YES;
				CLANG_WARN_NON_LITERAL_NULL_CONVERSION = YES;
				CLANG_WARN_OBJC_IMPLICIT_RETAIN_SELF = YES;
				CLANG_WARN_OBJC_LITERAL_CONVERSION = YES;
				CLANG_WARN_OBJC_ROOT_CLASS = YES_ERROR;
				CLANG_WARN_QUOTED_INCLUDE_IN_FRAMEWORK_HEADER = YES;
				CLANG_WARN_RANGE_LOOP_ANALYSIS = YES;
				CLANG_WARN_STRICT_PROTOTYPES = YES;
				CLANG_WARN_SUSPICIOUS_MOVE = YES;
				CLANG_WARN_UNGUARDED_AVAILABILITY = YES_AGGRESSIVE;
				CLANG_WARN_UNREACHABLE_CODE = YES;
				CLANG_WARN__DUPLICATE_METHOD_MATCH = YES;
				COPY_PHASE_STRIP = NO;
				DEBUG_INFORMATION_FORMAT = "dwarf-with-dsym";
				ENABLE_NS_ASSERTIONS = NO;
				ENABLE_STRICT_OBJC_MSGSEND = YES;
				GCC_C_LANGUAGE_STANDARD = gnu11;
				GCC_NO_COMMON_BLOCKS = YES;
				GCC_WARN_64_TO_32_BIT_CONVERSION = YES;
				GCC_WARN_ABOUT_RETURN_TYPE = YES_ERROR;
				GCC_WARN_UNDECLARED_SELECTOR = YES;
				GCC_WARN_UNINITIALIZED_AUTOS = YES_AGGRESSIVE;
				GCC_WARN_UNUSED_FUNCTION = YES;
				GCC_WARN_UNUSED_VARIABLE = YES;
				IPHONEOS_DEPLOYMENT_TARGET = 14.0;
				MTL_ENABLE_DEBUG_INFO = NO;
				MTL_FAST_MATH = YES;
				SDKROOT = iphoneos;
				SWIFT_COMPILATION_MODE = wholemodule;
				SWIFT_OPTIMIZATION_LEVEL = "-O";
				VALIDATE_PRODUCT = YES;
			};
			name = Release;
		};
		58F279C9255656DC0030911C /* Debug */ = {
			isa = XCBuildConfiguration;
			baseConfigurationReference = B55DDBF62266749F387A872B /* Pods-WriteInTheStates.debug.xcconfig */;
			buildSettings = {
				ASSETCATALOG_COMPILER_APPICON_NAME = AppIcon;
				ASSETCATALOG_COMPILER_GLOBAL_ACCENT_COLOR_NAME = AccentColor;
				CODE_SIGN_STYLE = Automatic;
				DEVELOPMENT_TEAM = 426MVMA2D7;
				INFOPLIST_FILE = WriteInTheStates/Info.plist;
				LD_RUNPATH_SEARCH_PATHS = (
					"$(inherited)",
					"@executable_path/Frameworks",
				);
				PRODUCT_BUNDLE_IDENTIFIER = edu.couto.andy.WriteInTheStates;
				PRODUCT_NAME = "$(TARGET_NAME)";
				SWIFT_VERSION = 5.0;
				TARGETED_DEVICE_FAMILY = "1,2";
			};
			name = Debug;
		};
		58F279CA255656DC0030911C /* Release */ = {
			isa = XCBuildConfiguration;
			baseConfigurationReference = 703B1C3A04771E3EFC27F4C8 /* Pods-WriteInTheStates.release.xcconfig */;
			buildSettings = {
				ASSETCATALOG_COMPILER_APPICON_NAME = AppIcon;
				ASSETCATALOG_COMPILER_GLOBAL_ACCENT_COLOR_NAME = AccentColor;
				CODE_SIGN_STYLE = Automatic;
				DEVELOPMENT_TEAM = 426MVMA2D7;
				INFOPLIST_FILE = WriteInTheStates/Info.plist;
				LD_RUNPATH_SEARCH_PATHS = (
					"$(inherited)",
					"@executable_path/Frameworks",
				);
				PRODUCT_BUNDLE_IDENTIFIER = edu.couto.andy.WriteInTheStates;
				PRODUCT_NAME = "$(TARGET_NAME)";
				SWIFT_VERSION = 5.0;
				TARGETED_DEVICE_FAMILY = "1,2";
			};
			name = Release;
		};
/* End XCBuildConfiguration section */

/* Begin XCConfigurationList section */
		58F279AF255656DB0030911C /* Build configuration list for PBXProject "WriteInTheStates" */ = {
			isa = XCConfigurationList;
			buildConfigurations = (
				58F279C6255656DC0030911C /* Debug */,
				58F279C7255656DC0030911C /* Release */,
			);
			defaultConfigurationIsVisible = 0;
			defaultConfigurationName = Release;
		};
		58F279C8255656DC0030911C /* Build configuration list for PBXNativeTarget "WriteInTheStates" */ = {
			isa = XCConfigurationList;
			buildConfigurations = (
				58F279C9255656DC0030911C /* Debug */,
				58F279CA255656DC0030911C /* Release */,
			);
			defaultConfigurationIsVisible = 0;
			defaultConfigurationName = Release;
		};
/* End XCConfigurationList section */
	};
	rootObject = 58F279AC255656DB0030911C /* Project object */;
}
